
Microsoft Visual Studio Solution File, Format Version 12.00
# Visual Studio Version 16
VisualStudioVersion = 16.0.31911.196
MinimumVisualStudioVersion = 10.0.40219.1
Project("{9A19103F-16F7-4668-BE54-9A1E7A4F7556}") = "WorkplaceManagement.API", "WorkplaceManagement.API\WorkplaceManagement.API.csproj", "{C608FBB3-2043-4378-AE7A-D4A5D17F4904}"
EndProject
Project("{9A19103F-16F7-4668-BE54-9A1E7A4F7556}") = "WorkplaceManagement.Domain", "WorkplaceManagement.Domain\WorkplaceManagement.Domain.csproj", "{F88D1E37-C3EC-4B28-873F-1843D97F4CC9}"
EndProject
Project("{9A19103F-16F7-4668-BE54-9A1E7A4F7556}") = "WorkplaceManagement.Service", "WorkplaceManagement.Service\WorkplaceManagement.Service.csproj", "{A483CC24-9E9A-4E9C-BB55-3FC442616527}"
EndProject
Project("{2150E333-8FDC-42A3-9474-1A3956D46DE8}") = "1 Presentation", "1 Presentation", "{3C202C46-DB4D-4FF7-91AE-B9DF6AF428C9}"
EndProject
Project("{2150E333-8FDC-42A3-9474-1A3956D46DE8}") = "3 DAL", "3 DAL", "{A7A391B6-9A6E-47A4-A294-A7278CD6AD3E}"
EndProject
Project("{9A19103F-16F7-4668-BE54-9A1E7A4F7556}") = "WorkplaceManagement.Dal", "WorkplaceManagement.Dal\WorkplaceManagement.Dal.csproj", "{10751EFE-36F8-4CF1-9BA9-0032BD2BA410}"
EndProject
Project("{2150E333-8FDC-42A3-9474-1A3956D46DE8}") = "4 Domain", "4 Domain", "{D240A3FC-679F-47BA-B1C7-2D7DF884287C}"
EndProject
Project("{2150E333-8FDC-42A3-9474-1A3956D46DE8}") = "2 Service", "2 Service", "{E4EFC2FF-7FAB-43BD-9391-3BCAA9314BA8}"
EndProject
Project("{9A19103F-16F7-4668-BE54-9A1E7A4F7556}") = "WorkplaceManagement.Domain.EfCoreMapping", "WorkplaceManagement.Domain.EfCoreMappings\WorkplaceManagement.Domain.EfCoreMapping.csproj", "{540BD9F4-2A82-44C6-A8EE-2240282F9122}"
EndProject
Project("{9A19103F-16F7-4668-BE54-9A1E7A4F7556}") = "WorkplaceManagement.Domain.Context", "WorkplaceManagement.Domain.Contexts\WorkplaceManagement.Domain.Context.csproj", "{5E90E832-DBA7-4C77-A6A6-29596D6033BE}"
EndProject
Global
	GlobalSection(SolutionConfigurationPlatforms) = preSolution
		Debug|Any CPU = Debug|Any CPU
		Release|Any CPU = Release|Any CPU
	EndGlobalSection
	GlobalSection(ProjectConfigurationPlatforms) = postSolution
		{C608FBB3-2043-4378-AE7A-D4A5D17F4904}.Debug|Any CPU.ActiveCfg = Debug|Any CPU
		{C608FBB3-2043-4378-AE7A-D4A5D17F4904}.Debug|Any CPU.Build.0 = Debug|Any CPU
		{C608FBB3-2043-4378-AE7A-D4A5D17F4904}.Release|Any CPU.ActiveCfg = Release|Any CPU
		{C608FBB3-2043-4378-AE7A-D4A5D17F4904}.Release|Any CPU.Build.0 = Release|Any CPU
		{F88D1E37-C3EC-4B28-873F-1843D97F4CC9}.Debug|Any CPU.ActiveCfg = Debug|Any CPU
		{F88D1E37-C3EC-4B28-873F-1843D97F4CC9}.Debug|Any CPU.Build.0 = Debug|Any CPU
		{F88D1E37-C3EC-4B28-873F-1843D97F4CC9}.Release|Any CPU.ActiveCfg = Release|Any CPU
		{F88D1E37-C3EC-4B28-873F-1843D97F4CC9}.Release|Any CPU.Build.0 = Release|Any CPU
		{A483CC24-9E9A-4E9C-BB55-3FC442616527}.Debug|Any CPU.ActiveCfg = Debug|Any CPU
		{A483CC24-9E9A-4E9C-BB55-3FC442616527}.Debug|Any CPU.Build.0 = Debug|Any CPU
		{A483CC24-9E9A-4E9C-BB55-3FC442616527}.Release|Any CPU.ActiveCfg = Release|Any CPU
		{A483CC24-9E9A-4E9C-BB55-3FC442616527}.Release|Any CPU.Build.0 = Release|Any CPU
		{10751EFE-36F8-4CF1-9BA9-0032BD2BA410}.Debug|Any CPU.ActiveCfg = Debug|Any CPU
		{10751EFE-36F8-4CF1-9BA9-0032BD2BA410}.Debug|Any CPU.Build.0 = Debug|Any CPU
		{10751EFE-36F8-4CF1-9BA9-0032BD2BA410}.Release|Any CPU.ActiveCfg = Release|Any CPU
		{10751EFE-36F8-4CF1-9BA9-0032BD2BA410}.Release|Any CPU.Build.0 = Release|Any CPU
		{540BD9F4-2A82-44C6-A8EE-2240282F9122}.Debug|Any CPU.ActiveCfg = Debug|Any CPU
		{540BD9F4-2A82-44C6-A8EE-2240282F9122}.Debug|Any CPU.Build.0 = Debug|Any CPU
		{540BD9F4-2A82-44C6-A8EE-2240282F9122}.Release|Any CPU.ActiveCfg = Release|Any CPU
		{540BD9F4-2A82-44C6-A8EE-2240282F9122}.Release|Any CPU.Build.0 = Release|Any CPU
		{5E90E832-DBA7-4C77-A6A6-29596D6033BE}.Debug|Any CPU.ActiveCfg = Debug|Any CPU
		{5E90E832-DBA7-4C77-A6A6-29596D6033BE}.Debug|Any CPU.Build.0 = Debug|Any CPU
		{5E90E832-DBA7-4C77-A6A6-29596D6033BE}.Release|Any CPU.ActiveCfg = Release|Any CPU
		{5E90E832-DBA7-4C77-A6A6-29596D6033BE}.Release|Any CPU.Build.0 = Release|Any CPU
	EndGlobalSection
	GlobalSection(SolutionProperties) = preSolution
		HideSolutionNode = FALSE
	EndGlobalSection
	GlobalSection(NestedProjects) = preSolution
		{C608FBB3-2043-4378-AE7A-D4A5D17F4904} = {3C202C46-DB4D-4FF7-91AE-B9DF6AF428C9}
		{F88D1E37-C3EC-4B28-873F-1843D97F4CC9} = {D240A3FC-679F-47BA-B1C7-2D7DF884287C}
		{A483CC24-9E9A-4E9C-BB55-3FC442616527} = {E4EFC2FF-7FAB-43BD-9391-3BCAA9314BA8}
		{10751EFE-36F8-4CF1-9BA9-0032BD2BA410} = {A7A391B6-9A6E-47A4-A294-A7278CD6AD3E}
		{540BD9F4-2A82-44C6-A8EE-2240282F9122} = {D240A3FC-679F-47BA-B1C7-2D7DF884287C}
		{5E90E832-DBA7-4C77-A6A6-29596D6033BE} = {D240A3FC-679F-47BA-B1C7-2D7DF884287C}
	EndGlobalSection
	GlobalSection(ExtensibilityGlobals) = postSolution
		SolutionGuid = {D27793D7-F4E9-4BEE-8F50-209873285229}
	EndGlobalSection
EndGlobal
