
Microsoft Visual Studio Solution File, Format Version 12.00
# Visual Studio Version 16
VisualStudioVersion = 16.0.31911.196
MinimumVisualStudioVersion = 10.0.40219.1
Project("{9A19103F-16F7-4668-BE54-9A1E7A4F7556}") = "WorkplaceManagement.API", "Workplace Management\WorkplaceManagement.API.csproj", "{C608FBB3-2043-4378-AE7A-D4A5D17F4904}"
EndProject
Global
	GlobalSection(SolutionConfigurationPlatforms) = preSolution
		Debug|Any CPU = Debug|Any CPU
		Release|Any CPU = Release|Any CPU
	EndGlobalSection
	GlobalSection(ProjectConfigurationPlatforms) = postSolution
		{C608FBB3-2043-4378-AE7A-D4A5D17F4904}.Debug|Any CPU.ActiveCfg = Debug|Any CPU
		{C608FBB3-2043-4378-AE7A-D4A5D17F4904}.Debug|Any CPU.Build.0 = Debug|Any CPU
		{C608FBB3-2043-4378-AE7A-D4A5D17F4904}.Release|Any CPU.ActiveCfg = Release|Any CPU
		{C608FBB3-2043-4378-AE7A-D4A5D17F4904}.Release|Any CPU.Build.0 = Release|Any CPU
	EndGlobalSection
	GlobalSection(SolutionProperties) = preSolution
		HideSolutionNode = FALSE
	EndGlobalSection
	GlobalSection(ExtensibilityGlobals) = postSolution
		SolutionGuid = {D27793D7-F4E9-4BEE-8F50-209873285229}
	EndGlobalSection
EndGlobal
